{
  "name": "udaanjee-os",
  "version": "0.1.0",
  "lockfileVersion": 3,
  "requires": true,
  "packages": {
    "": {
      "name": "udaanjee-os",
      "version": "0.1.0",
      "workspaces": [
        "apps/*",
        "services/*",
        "packages/*"
      ],
      "engines": {
        "node": ">=20.0.0"
      }
    },
    "node_modules/ai-service": {
      "resolved": "services/ai-service",
      "link": true
    },
    "node_modules/analytics-service": {
      "resolved": "services/analytics-service",
      "link": true
    },
    "node_modules/api-gateway": {
      "resolved": "services/api-gateway",
      "link": true
    },
    "node_modules/assessment-service": {
      "resolved": "services/assessment-service",
      "link": true
    },
    "node_modules/learning-service": {
      "resolved": "services/learning-service",
      "link": true
    },
    "node_modules/notification-service": {
      "resolved": "services/notification-service",
      "link": true
    },
    "node_modules/planner-service": {
      "resolved": "services/planner-service",
      "link": true
    },
    "services/ai-service": {
      "version": "0.1.0"
    },
    "services/analytics-service": {
      "version": "0.1.0"
    },
    "services/api-gateway": {
      "version": "0.1.0"
    },
    "services/assessment-service": {
      "version": "0.1.0"
    },
    "services/learning-service": {
      "version": "0.1.0"
    },
    "services/notification-service": {
      "version": "0.1.0"
    },
    "services/planner-service": {
      "version": "0.1.0"
    }
  }
}
